
Microsoft Visual Studio Solution File, Format Version 12.00
# Visual Studio Version 16
VisualStudioVersion = 16.0.29613.14
MinimumVisualStudioVersion = 10.0.40219.1
Project("{FAE04EC0-301F-11D3-BF4B-00C04F79EFBC}") = "RoboCopy-Assistant", "RoboCopy-Assistant\RoboCopy-Assistant.csproj", "{14BBE0D9-EC3F-4C4F-9321-FA299C4BE6B9}"
EndProject
Global
	GlobalSection(SolutionConfigurationPlatforms) = preSolution
		Debug|Any CPU = Debug|Any CPU
		Release|Any CPU = Release|Any CPU
	EndGlobalSection
	GlobalSection(ProjectConfigurationPlatforms) = postSolution
		{14BBE0D9-EC3F-4C4F-9321-FA299C4BE6B9}.Debug|Any CPU.ActiveCfg = Debug|Any CPU
		{14BBE0D9-EC3F-4C4F-9321-FA299C4BE6B9}.Debug|Any CPU.Build.0 = Debug|Any CPU
		{14BBE0D9-EC3F-4C4F-9321-FA299C4BE6B9}.Release|Any CPU.ActiveCfg = Release|Any CPU
		{14BBE0D9-EC3F-4C4F-9321-FA299C4BE6B9}.Release|Any CPU.Build.0 = Release|Any CPU
	EndGlobalSection
	GlobalSection(SolutionProperties) = preSolution
		HideSolutionNode = FALSE
	EndGlobalSection
	GlobalSection(ExtensibilityGlobals) = postSolution
		SolutionGuid = {3A58494D-9A80-46D7-A603-13422E917851}
	EndGlobalSection
EndGlobal
